
Microsoft Visual Studio Solution File, Format Version 12.00
# Visual Studio Version 16
VisualStudioVersion = 16.0.29409.12
MinimumVisualStudioVersion = 10.0.40219.1
Project("{FAE04EC0-301F-11D3-BF4B-00C04F79EFBC}") = "NeuralNetwork", "NeuralNetwork\NeuralNetwork.csproj", "{4911A769-7CF5-4283-88A1-74E803424AE2}"
EndProject
Project("{9A19103F-16F7-4668-BE54-9A1E7A4F7556}") = "UnitTestNeuralnetwork", "UnitTesNeuralnetwork\UnitTestNeuralnetwork.csproj", "{1D7FD87E-FB49-4140-B3EA-8DE8F366DF16}"
EndProject
Project("{FAE04EC0-301F-11D3-BF4B-00C04F79EFBC}") = "IntegrationTestNeuralNetwork", "IntegrationTestNeuralNetwork\IntegrationTestNeuralNetwork.csproj", "{2BCD8959-009A-4320-A5AB-916451BCC497}"
EndProject
Global
	GlobalSection(SolutionConfigurationPlatforms) = preSolution
		Debug|Any CPU = Debug|Any CPU
		Release|Any CPU = Release|Any CPU
	EndGlobalSection
	GlobalSection(ProjectConfigurationPlatforms) = postSolution
		{4911A769-7CF5-4283-88A1-74E803424AE2}.Debug|Any CPU.ActiveCfg = Debug|Any CPU
		{4911A769-7CF5-4283-88A1-74E803424AE2}.Debug|Any CPU.Build.0 = Debug|Any CPU
		{4911A769-7CF5-4283-88A1-74E803424AE2}.Release|Any CPU.ActiveCfg = Release|Any CPU
		{4911A769-7CF5-4283-88A1-74E803424AE2}.Release|Any CPU.Build.0 = Release|Any CPU
		{1D7FD87E-FB49-4140-B3EA-8DE8F366DF16}.Debug|Any CPU.ActiveCfg = Debug|Any CPU
		{1D7FD87E-FB49-4140-B3EA-8DE8F366DF16}.Debug|Any CPU.Build.0 = Debug|Any CPU
		{1D7FD87E-FB49-4140-B3EA-8DE8F366DF16}.Release|Any CPU.ActiveCfg = Release|Any CPU
		{1D7FD87E-FB49-4140-B3EA-8DE8F366DF16}.Release|Any CPU.Build.0 = Release|Any CPU
		{2BCD8959-009A-4320-A5AB-916451BCC497}.Debug|Any CPU.ActiveCfg = Debug|Any CPU
		{2BCD8959-009A-4320-A5AB-916451BCC497}.Debug|Any CPU.Build.0 = Debug|Any CPU
		{2BCD8959-009A-4320-A5AB-916451BCC497}.Release|Any CPU.ActiveCfg = Release|Any CPU
		{2BCD8959-009A-4320-A5AB-916451BCC497}.Release|Any CPU.Build.0 = Release|Any CPU
	EndGlobalSection
	GlobalSection(SolutionProperties) = preSolution
		HideSolutionNode = FALSE
	EndGlobalSection
	GlobalSection(ExtensibilityGlobals) = postSolution
		SolutionGuid = {0FF4FE8D-D63B-4726-83E4-B4BB3A1F9F86}
	EndGlobalSection
EndGlobal
